// !$*UTF8*$!
{
	archiveVersion = 1;
	classes = {
	};
	objectVersion = 50;
	objects = {

/* Begin PBXBuildFile section */
		03FA9DC0CAE5786BDBCEE360 /* Pods_Elements_nlTests.framework in Frameworks */ = {isa = PBXBuildFile; fileRef = 3FF4D798E01E323E0510D45F /* Pods_Elements_nlTests.framework */; };
		171CF64B21CCFDD700E30806 /* AppDelegate.swift in Sources */ = {isa = PBXBuildFile; fileRef = 171CF64A21CCFDD700E30806 /* AppDelegate.swift */; };
		171CF65021CCFDD700E30806 /* Main.storyboard in Resources */ = {isa = PBXBuildFile; fileRef = 171CF64E21CCFDD700E30806 /* Main.storyboard */; };
		171CF65221CCFDDC00E30806 /* Assets.xcassets in Resources */ = {isa = PBXBuildFile; fileRef = 171CF65121CCFDDC00E30806 /* Assets.xcassets */; };
		171CF65521CCFDDC00E30806 /* LaunchScreen.storyboard in Resources */ = {isa = PBXBuildFile; fileRef = 171CF65321CCFDDC00E30806 /* LaunchScreen.storyboard */; };
		171CF67421CD0A0F00E30806 /* FilterViewModelTests.swift in Sources */ = {isa = PBXBuildFile; fileRef = 171CF67321CD0A0F00E30806 /* FilterViewModelTests.swift */; };
		171CF67821CD0BBF00E30806 /* SearchFilterViewModel.swift in Sources */ = {isa = PBXBuildFile; fileRef = 171CF67721CD0BBF00E30806 /* SearchFilterViewModel.swift */; };
		171CF67A21CD0C6200E30806 /* SearchFilterInterface.swift in Sources */ = {isa = PBXBuildFile; fileRef = 171CF67921CD0C6200E30806 /* SearchFilterInterface.swift */; };
		171CF68021CD2C5200E30806 /* SearchFilterModel.swift in Sources */ = {isa = PBXBuildFile; fileRef = 171CF67F21CD2C5200E30806 /* SearchFilterModel.swift */; };
		171CF68221CD53EB00E30806 /* BaseViewController.swift in Sources */ = {isa = PBXBuildFile; fileRef = 171CF68121CD53EB00E30806 /* BaseViewController.swift */; };
		171CF68421CD566700E30806 /* SearchFilterViewController.swift in Sources */ = {isa = PBXBuildFile; fileRef = 171CF68321CD566700E30806 /* SearchFilterViewController.swift */; };
		17243E1321D4B17F007F1C9F /* Loading.swift in Sources */ = {isa = PBXBuildFile; fileRef = 17243E1221D4B17F007F1C9F /* Loading.swift */; };
		17243E1521D4B3EC007F1C9F /* Shape.swift in Sources */ = {isa = PBXBuildFile; fileRef = 17243E1421D4B3EC007F1C9F /* Shape.swift */; };
		17243E1721D4C25D007F1C9F /* TableConfig.swift in Sources */ = {isa = PBXBuildFile; fileRef = 17243E1621D4C25D007F1C9F /* TableConfig.swift */; };
		17243E1B21D4F727007F1C9F /* SearchResultViewController.swift in Sources */ = {isa = PBXBuildFile; fileRef = 17243E1821D4F727007F1C9F /* SearchResultViewController.swift */; };
		17243E1C21D4F727007F1C9F /* SearchResultTableDataSource.swift in Sources */ = {isa = PBXBuildFile; fileRef = 17243E1921D4F727007F1C9F /* SearchResultTableDataSource.swift */; };
		17243E1D21D4F727007F1C9F /* SearchResultTableView.swift in Sources */ = {isa = PBXBuildFile; fileRef = 17243E1A21D4F727007F1C9F /* SearchResultTableView.swift */; };
		17243E2021D4F72D007F1C9F /* SearchResultItemCell.xib in Resources */ = {isa = PBXBuildFile; fileRef = 17243E1E21D4F72D007F1C9F /* SearchResultItemCell.xib */; };
		17243E2121D4F72D007F1C9F /* SearchResultItemCell.swift in Sources */ = {isa = PBXBuildFile; fileRef = 17243E1F21D4F72D007F1C9F /* SearchResultItemCell.swift */; };
		17A1D29021D15D59008DA94D /* Theme.swift in Sources */ = {isa = PBXBuildFile; fileRef = 17A1D28F21D15D59008DA94D /* Theme.swift */; };
		17A1D29221D15D75008DA94D /* ThemeTests.swift in Sources */ = {isa = PBXBuildFile; fileRef = 17A1D29121D15D75008DA94D /* ThemeTests.swift */; };
		17A1D29421D1650F008DA94D /* SearchResultModel.swift in Sources */ = {isa = PBXBuildFile; fileRef = 17A1D29321D1650F008DA94D /* SearchResultModel.swift */; };
		17A1D29621D165C7008DA94D /* SearchResultOwnerModel.swift in Sources */ = {isa = PBXBuildFile; fileRef = 17A1D29521D165C7008DA94D /* SearchResultOwnerModel.swift */; };
		17A1D29821D16E16008DA94D /* SearchResultViewModel.swift in Sources */ = {isa = PBXBuildFile; fileRef = 17A1D29721D16E16008DA94D /* SearchResultViewModel.swift */; };
		17A1D29A21D16E32008DA94D /* ResultViewModelTests.swift in Sources */ = {isa = PBXBuildFile; fileRef = 17A1D29921D16E32008DA94D /* ResultViewModelTests.swift */; };
		17A1D29D21D16F34008DA94D /* github_search_result.json in Resources */ = {isa = PBXBuildFile; fileRef = 17A1D29C21D16F34008DA94D /* github_search_result.json */; };
		17A1D2A121D171B4008DA94D /* ServiceManager.swift in Sources */ = {isa = PBXBuildFile; fileRef = 17A1D2A021D171B3008DA94D /* ServiceManager.swift */; };
		17A1D2A321D177A2008DA94D /* SearchResultRouter.swift in Sources */ = {isa = PBXBuildFile; fileRef = 17A1D2A221D177A2008DA94D /* SearchResultRouter.swift */; };
		17A1D2A521D17AB0008DA94D /* ServiceAPIRouter.swift in Sources */ = {isa = PBXBuildFile; fileRef = 17A1D2A421D17AB0008DA94D /* ServiceAPIRouter.swift */; };
		17A1D2A721D185A4008DA94D /* SearchResultBaseModel.swift in Sources */ = {isa = PBXBuildFile; fileRef = 17A1D2A621D185A4008DA94D /* SearchResultBaseModel.swift */; };
		17B3CA5B21CD5A0200DFBC14 /* BaseTableView.swift in Sources */ = {isa = PBXBuildFile; fileRef = 17B3CA5A21CD5A0200DFBC14 /* BaseTableView.swift */; };
		17B3CA5D21CD5C0D00DFBC14 /* SearchFilterTableDataSource.swift in Sources */ = {isa = PBXBuildFile; fileRef = 17B3CA5C21CD5C0D00DFBC14 /* SearchFilterTableDataSource.swift */; };
		17B3CA6421CD671600DFBC14 /* SearchKeywordCell.xib in Resources */ = {isa = PBXBuildFile; fileRef = 17B3CA6321CD671600DFBC14 /* SearchKeywordCell.xib */; };
		17B3CA6621CD67D900DFBC14 /* SearchKeywordCell.swift in Sources */ = {isa = PBXBuildFile; fileRef = 17B3CA6521CD67D900DFBC14 /* SearchKeywordCell.swift */; };
		17B3CA6821CD687400DFBC14 /* SearchFilterTableView.swift in Sources */ = {isa = PBXBuildFile; fileRef = 17B3CA6721CD687400DFBC14 /* SearchFilterTableView.swift */; };
		17B3CA6B21CD6FAB00DFBC14 /* SearchSortCell.xib in Resources */ = {isa = PBXBuildFile; fileRef = 17B3CA6A21CD6FAB00DFBC14 /* SearchSortCell.xib */; };
		17B3CA6D21CD703600DFBC14 /* SearchSortCell.swift in Sources */ = {isa = PBXBuildFile; fileRef = 17B3CA6C21CD703600DFBC14 /* SearchSortCell.swift */; };
		17B3CA7021CD75AA00DFBC14 /* SearchButton.swift in Sources */ = {isa = PBXBuildFile; fileRef = 17B3CA6F21CD75AA00DFBC14 /* SearchButton.swift */; };
		8468DD4C21D2250D00443E32 /* github_huge_search_result.json in Resources */ = {isa = PBXBuildFile; fileRef = 8468DD4B21D2250D00443E32 /* github_huge_search_result.json */; };
		8FAF263B727BF7CF96D87981 /* Pods_Elements_nl.framework in Frameworks */ = {isa = PBXBuildFile; fileRef = CEB8DD641A8F07F3988F4119 /* Pods_Elements_nl.framework */; };
/* End PBXBuildFile section */

/* Begin PBXContainerItemProxy section */
		171CF65C21CCFDDD00E30806 /* PBXContainerItemProxy */ = {
			isa = PBXContainerItemProxy;
			containerPortal = 171CF63F21CCFDD700E30806 /* Project object */;
			proxyType = 1;
			remoteGlobalIDString = 171CF64621CCFDD700E30806;
			remoteInfo = Elements.nl;
		};
/* End PBXContainerItemProxy section */

/* Begin PBXFileReference section */
		171CF64721CCFDD700E30806 /* Elements.nl.app */ = {isa = PBXFileReference; explicitFileType = wrapper.application; includeInIndex = 0; path = Elements.nl.app; sourceTree = BUILT_PRODUCTS_DIR; };
		171CF64A21CCFDD700E30806 /* AppDelegate.swift */ = {isa = PBXFileReference; lastKnownFileType = sourcecode.swift; path = AppDelegate.swift; sourceTree = "<group>"; };
		171CF64F21CCFDD700E30806 /* Base */ = {isa = PBXFileReference; lastKnownFileType = file.storyboard; name = Base; path = Base.lproj/Main.storyboard; sourceTree = "<group>"; };
		171CF65121CCFDDC00E30806 /* Assets.xcassets */ = {isa = PBXFileReference; lastKnownFileType = folder.assetcatalog; path = Assets.xcassets; sourceTree = "<group>"; };
		171CF65421CCFDDC00E30806 /* Base */ = {isa = PBXFileReference; lastKnownFileType = file.storyboard; name = Base; path = Base.lproj/LaunchScreen.storyboard; sourceTree = "<group>"; };
		171CF65621CCFDDC00E30806 /* Info.plist */ = {isa = PBXFileReference; lastKnownFileType = text.plist.xml; path = Info.plist; sourceTree = "<group>"; };
		171CF65B21CCFDDD00E30806 /* Elements.nlTests.xctest */ = {isa = PBXFileReference; explicitFileType = wrapper.cfbundle; includeInIndex = 0; path = Elements.nlTests.xctest; sourceTree = BUILT_PRODUCTS_DIR; };
		171CF66121CCFDDD00E30806 /* Info.plist */ = {isa = PBXFileReference; lastKnownFileType = text.plist.xml; path = Info.plist; sourceTree = "<group>"; };
		171CF67321CD0A0F00E30806 /* FilterViewModelTests.swift */ = {isa = PBXFileReference; lastKnownFileType = sourcecode.swift; path = FilterViewModelTests.swift; sourceTree = "<group>"; };
		171CF67721CD0BBF00E30806 /* SearchFilterViewModel.swift */ = {isa = PBXFileReference; lastKnownFileType = sourcecode.swift; path = SearchFilterViewModel.swift; sourceTree = "<group>"; };
		171CF67921CD0C6200E30806 /* SearchFilterInterface.swift */ = {isa = PBXFileReference; lastKnownFileType = sourcecode.swift; path = SearchFilterInterface.swift; sourceTree = "<group>"; };
		171CF67F21CD2C5200E30806 /* SearchFilterModel.swift */ = {isa = PBXFileReference; lastKnownFileType = sourcecode.swift; path = SearchFilterModel.swift; sourceTree = "<group>"; };
		171CF68121CD53EB00E30806 /* BaseViewController.swift */ = {isa = PBXFileReference; lastKnownFileType = sourcecode.swift; path = BaseViewController.swift; sourceTree = "<group>"; };
		171CF68321CD566700E30806 /* SearchFilterViewController.swift */ = {isa = PBXFileReference; lastKnownFileType = sourcecode.swift; path = SearchFilterViewController.swift; sourceTree = "<group>"; };
		17243E1221D4B17F007F1C9F /* Loading.swift */ = {isa = PBXFileReference; lastKnownFileType = sourcecode.swift; path = Loading.swift; sourceTree = "<group>"; };
		17243E1421D4B3EC007F1C9F /* Shape.swift */ = {isa = PBXFileReference; lastKnownFileType = sourcecode.swift; path = Shape.swift; sourceTree = "<group>"; };
		17243E1621D4C25D007F1C9F /* TableConfig.swift */ = {isa = PBXFileReference; lastKnownFileType = sourcecode.swift; path = TableConfig.swift; sourceTree = "<group>"; };
		17243E1821D4F727007F1C9F /* SearchResultViewController.swift */ = {isa = PBXFileReference; fileEncoding = 4; lastKnownFileType = sourcecode.swift; path = SearchResultViewController.swift; sourceTree = "<group>"; };
		17243E1921D4F727007F1C9F /* SearchResultTableDataSource.swift */ = {isa = PBXFileReference; fileEncoding = 4; lastKnownFileType = sourcecode.swift; path = SearchResultTableDataSource.swift; sourceTree = "<group>"; };
		17243E1A21D4F727007F1C9F /* SearchResultTableView.swift */ = {isa = PBXFileReference; fileEncoding = 4; lastKnownFileType = sourcecode.swift; path = SearchResultTableView.swift; sourceTree = "<group>"; };
		17243E1E21D4F72D007F1C9F /* SearchResultItemCell.xib */ = {isa = PBXFileReference; fileEncoding = 4; lastKnownFileType = file.xib; path = SearchResultItemCell.xib; sourceTree = "<group>"; };
		17243E1F21D4F72D007F1C9F /* SearchResultItemCell.swift */ = {isa = PBXFileReference; fileEncoding = 4; lastKnownFileType = sourcecode.swift; path = SearchResultItemCell.swift; sourceTree = "<group>"; };
		17A1D28F21D15D59008DA94D /* Theme.swift */ = {isa = PBXFileReference; lastKnownFileType = sourcecode.swift; path = Theme.swift; sourceTree = "<group>"; };
		17A1D29121D15D75008DA94D /* ThemeTests.swift */ = {isa = PBXFileReference; lastKnownFileType = sourcecode.swift; path = ThemeTests.swift; sourceTree = "<group>"; };
		17A1D29321D1650F008DA94D /* SearchResultModel.swift */ = {isa = PBXFileReference; lastKnownFileType = sourcecode.swift; path = SearchResultModel.swift; sourceTree = "<group>"; };
		17A1D29521D165C7008DA94D /* SearchResultOwnerModel.swift */ = {isa = PBXFileReference; lastKnownFileType = sourcecode.swift; path = SearchResultOwnerModel.swift; sourceTree = "<group>"; };
		17A1D29721D16E16008DA94D /* SearchResultViewModel.swift */ = {isa = PBXFileReference; lastKnownFileType = sourcecode.swift; path = SearchResultViewModel.swift; sourceTree = "<group>"; };
		17A1D29921D16E32008DA94D /* ResultViewModelTests.swift */ = {isa = PBXFileReference; lastKnownFileType = sourcecode.swift; path = ResultViewModelTests.swift; sourceTree = "<group>"; };
		17A1D29C21D16F34008DA94D /* github_search_result.json */ = {isa = PBXFileReference; fileEncoding = 4; lastKnownFileType = text.json; path = github_search_result.json; sourceTree = "<group>"; };
		17A1D2A021D171B3008DA94D /* ServiceManager.swift */ = {isa = PBXFileReference; fileEncoding = 4; lastKnownFileType = sourcecode.swift; path = ServiceManager.swift; sourceTree = "<group>"; };
		17A1D2A221D177A2008DA94D /* SearchResultRouter.swift */ = {isa = PBXFileReference; lastKnownFileType = sourcecode.swift; path = SearchResultRouter.swift; sourceTree = "<group>"; };
		17A1D2A421D17AB0008DA94D /* ServiceAPIRouter.swift */ = {isa = PBXFileReference; lastKnownFileType = sourcecode.swift; path = ServiceAPIRouter.swift; sourceTree = "<group>"; };
		17A1D2A621D185A4008DA94D /* SearchResultBaseModel.swift */ = {isa = PBXFileReference; lastKnownFileType = sourcecode.swift; path = SearchResultBaseModel.swift; sourceTree = "<group>"; };
		17B3CA5A21CD5A0200DFBC14 /* BaseTableView.swift */ = {isa = PBXFileReference; lastKnownFileType = sourcecode.swift; path = BaseTableView.swift; sourceTree = "<group>"; };
		17B3CA5C21CD5C0D00DFBC14 /* SearchFilterTableDataSource.swift */ = {isa = PBXFileReference; lastKnownFileType = sourcecode.swift; path = SearchFilterTableDataSource.swift; sourceTree = "<group>"; };
		17B3CA6321CD671600DFBC14 /* SearchKeywordCell.xib */ = {isa = PBXFileReference; lastKnownFileType = file.xib; path = SearchKeywordCell.xib; sourceTree = "<group>"; };
		17B3CA6521CD67D900DFBC14 /* SearchKeywordCell.swift */ = {isa = PBXFileReference; lastKnownFileType = sourcecode.swift; path = SearchKeywordCell.swift; sourceTree = "<group>"; };
		17B3CA6721CD687400DFBC14 /* SearchFilterTableView.swift */ = {isa = PBXFileReference; lastKnownFileType = sourcecode.swift; path = SearchFilterTableView.swift; sourceTree = "<group>"; };
		17B3CA6A21CD6FAB00DFBC14 /* SearchSortCell.xib */ = {isa = PBXFileReference; lastKnownFileType = file.xib; path = SearchSortCell.xib; sourceTree = "<group>"; };
		17B3CA6C21CD703600DFBC14 /* SearchSortCell.swift */ = {isa = PBXFileReference; lastKnownFileType = sourcecode.swift; path = SearchSortCell.swift; sourceTree = "<group>"; };
		17B3CA6F21CD75AA00DFBC14 /* SearchButton.swift */ = {isa = PBXFileReference; lastKnownFileType = sourcecode.swift; path = SearchButton.swift; sourceTree = "<group>"; };
		3FF4D798E01E323E0510D45F /* Pods_Elements_nlTests.framework */ = {isa = PBXFileReference; explicitFileType = wrapper.framework; includeInIndex = 0; path = Pods_Elements_nlTests.framework; sourceTree = BUILT_PRODUCTS_DIR; };
		4DF3A8A7C6A039901533FD5D /* Pods-Elements.nlTests.release.xcconfig */ = {isa = PBXFileReference; includeInIndex = 1; lastKnownFileType = text.xcconfig; name = "Pods-Elements.nlTests.release.xcconfig"; path = "Pods/Target Support Files/Pods-Elements.nlTests/Pods-Elements.nlTests.release.xcconfig"; sourceTree = "<group>"; };
		5F644B5CB04E40994B4B4201 /* Pods-Elements.nl.release.xcconfig */ = {isa = PBXFileReference; includeInIndex = 1; lastKnownFileType = text.xcconfig; name = "Pods-Elements.nl.release.xcconfig"; path = "Pods/Target Support Files/Pods-Elements.nl/Pods-Elements.nl.release.xcconfig"; sourceTree = "<group>"; };
		8468DD4B21D2250D00443E32 /* github_huge_search_result.json */ = {isa = PBXFileReference; fileEncoding = 4; lastKnownFileType = text.json; path = github_huge_search_result.json; sourceTree = "<group>"; };
		927D4F522005D7BCF7141AFD /* Pods-Elements.nl.debug.xcconfig */ = {isa = PBXFileReference; includeInIndex = 1; lastKnownFileType = text.xcconfig; name = "Pods-Elements.nl.debug.xcconfig"; path = "Pods/Target Support Files/Pods-Elements.nl/Pods-Elements.nl.debug.xcconfig"; sourceTree = "<group>"; };
		93BE91D0C5C451F2D448FFEE /* Pods-Elements.nlTests.debug.xcconfig */ = {isa = PBXFileReference; includeInIndex = 1; lastKnownFileType = text.xcconfig; name = "Pods-Elements.nlTests.debug.xcconfig"; path = "Pods/Target Support Files/Pods-Elements.nlTests/Pods-Elements.nlTests.debug.xcconfig"; sourceTree = "<group>"; };
		CEB8DD641A8F07F3988F4119 /* Pods_Elements_nl.framework */ = {isa = PBXFileReference; explicitFileType = wrapper.framework; includeInIndex = 0; path = Pods_Elements_nl.framework; sourceTree = BUILT_PRODUCTS_DIR; };
/* End PBXFileReference section */

/* Begin PBXFrameworksBuildPhase section */
		171CF64421CCFDD700E30806 /* Frameworks */ = {
			isa = PBXFrameworksBuildPhase;
			buildActionMask = 2147483647;
			files = (
				8FAF263B727BF7CF96D87981 /* Pods_Elements_nl.framework in Frameworks */,
			);
			runOnlyForDeploymentPostprocessing = 0;
		};
		171CF65821CCFDDD00E30806 /* Frameworks */ = {
			isa = PBXFrameworksBuildPhase;
			buildActionMask = 2147483647;
			files = (
				03FA9DC0CAE5786BDBCEE360 /* Pods_Elements_nlTests.framework in Frameworks */,
			);
			runOnlyForDeploymentPostprocessing = 0;
		};
/* End PBXFrameworksBuildPhase section */

/* Begin PBXGroup section */
		00A01EA5A9776311C443C34C /* Frameworks */ = {
			isa = PBXGroup;
			children = (
				CEB8DD641A8F07F3988F4119 /* Pods_Elements_nl.framework */,
				3FF4D798E01E323E0510D45F /* Pods_Elements_nlTests.framework */,
			);
			name = Frameworks;
			sourceTree = "<group>";
		};
		171CF63E21CCFDD700E30806 = {
			isa = PBXGroup;
			children = (
				171CF64921CCFDD700E30806 /* Elements.nl */,
				171CF65E21CCFDDD00E30806 /* Elements.nlTests */,
				171CF64821CCFDD700E30806 /* Products */,
				5E43F1943E2FCE4EE988A0C5 /* Pods */,
				00A01EA5A9776311C443C34C /* Frameworks */,
			);
			sourceTree = "<group>";
		};
		171CF64821CCFDD700E30806 /* Products */ = {
			isa = PBXGroup;
			children = (
				171CF64721CCFDD700E30806 /* Elements.nl.app */,
				171CF65B21CCFDDD00E30806 /* Elements.nlTests.xctest */,
			);
			name = Products;
			sourceTree = "<group>";
		};
		171CF64921CCFDD700E30806 /* Elements.nl */ = {
			isa = PBXGroup;
			children = (
				17A1D28E21D15D41008DA94D /* Helper */,
				171CF66A21CCFE0E00E30806 /* View */,
				171CF66B21CCFE1700E30806 /* View Model */,
				171CF66C21CCFE1C00E30806 /* Model */,
				171CF66D21CCFE2600E30806 /* Resources */,
				171CF64A21CCFDD700E30806 /* AppDelegate.swift */,
			);
			path = Elements.nl;
			sourceTree = "<group>";
		};
		171CF65E21CCFDDD00E30806 /* Elements.nlTests */ = {
			isa = PBXGroup;
			children = (
				8468DD4B21D2250D00443E32 /* github_huge_search_result.json */,
				17A1D29C21D16F34008DA94D /* github_search_result.json */,
				171CF67321CD0A0F00E30806 /* FilterViewModelTests.swift */,
				17A1D29921D16E32008DA94D /* ResultViewModelTests.swift */,
				17A1D29121D15D75008DA94D /* ThemeTests.swift */,
				171CF66121CCFDDD00E30806 /* Info.plist */,
			);
			path = Elements.nlTests;
			sourceTree = "<group>";
		};
		171CF66A21CCFE0E00E30806 /* View */ = {
			isa = PBXGroup;
			children = (
				171CF66E21CCFE3700E30806 /* User Interface */,
				171CF68121CD53EB00E30806 /* BaseViewController.swift */,
				17B3CA5A21CD5A0200DFBC14 /* BaseTableView.swift */,
				17B3CA5921CD588100DFBC14 /* Filter Page */,
				8468DD5321D24FEC00443E32 /* Result Page */,
			);
			path = View;
			sourceTree = "<group>";
		};
		171CF66B21CCFE1700E30806 /* View Model */ = {
			isa = PBXGroup;
			children = (
				171CF67721CD0BBF00E30806 /* SearchFilterViewModel.swift */,
				17A1D29721D16E16008DA94D /* SearchResultViewModel.swift */,
				17A1D2A221D177A2008DA94D /* SearchResultRouter.swift */,
			);
			path = "View Model";
			sourceTree = "<group>";
		};
		171CF66C21CCFE1C00E30806 /* Model */ = {
			isa = PBXGroup;
			children = (
				8468DD4721D20CD500443E32 /* Service */,
				8468DD4821D20DD500443E32 /* Object */,
			);
			path = Model;
			sourceTree = "<group>";
		};
		171CF66D21CCFE2600E30806 /* Resources */ = {
			isa = PBXGroup;
			children = (
				171CF65121CCFDDC00E30806 /* Assets.xcassets */,
				171CF65621CCFDDC00E30806 /* Info.plist */,
			);
			path = Resources;
			sourceTree = "<group>";
		};
		171CF66E21CCFE3700E30806 /* User Interface */ = {
			isa = PBXGroup;
			children = (
				171CF64E21CCFDD700E30806 /* Main.storyboard */,
				171CF65321CCFDDC00E30806 /* LaunchScreen.storyboard */,
			);
			path = "User Interface";
			sourceTree = "<group>";
		};
		17A1D28E21D15D41008DA94D /* Helper */ = {
			isa = PBXGroup;
			children = (
				17A1D28F21D15D59008DA94D /* Theme.swift */,
				17243E1221D4B17F007F1C9F /* Loading.swift */,
				17243E1421D4B3EC007F1C9F /* Shape.swift */,
				17243E1621D4C25D007F1C9F /* TableConfig.swift */,
			);
			path = Helper;
			sourceTree = "<group>";
		};
		17B3CA5921CD588100DFBC14 /* Filter Page */ = {
			isa = PBXGroup;
			children = (
				17B3CA6E21CD759A00DFBC14 /* Search Button */,
				17B3CA6921CD6F8500DFBC14 /* Sort Type */,
				17B3CA5E21CD604A00DFBC14 /* Search box */,
				171CF68321CD566700E30806 /* SearchFilterViewController.swift */,
				17B3CA6721CD687400DFBC14 /* SearchFilterTableView.swift */,
				17B3CA5C21CD5C0D00DFBC14 /* SearchFilterTableDataSource.swift */,
			);
			path = "Filter Page";
			sourceTree = "<group>";
		};
		17B3CA5E21CD604A00DFBC14 /* Search box */ = {
			isa = PBXGroup;
			children = (
				17B3CA6521CD67D900DFBC14 /* SearchKeywordCell.swift */,
				17B3CA6321CD671600DFBC14 /* SearchKeywordCell.xib */,
			);
			path = "Search box";
			sourceTree = "<group>";
		};
		17B3CA6921CD6F8500DFBC14 /* Sort Type */ = {
			isa = PBXGroup;
			children = (
				17B3CA6C21CD703600DFBC14 /* SearchSortCell.swift */,
				17B3CA6A21CD6FAB00DFBC14 /* SearchSortCell.xib */,
			);
			path = "Sort Type";
			sourceTree = "<group>";
		};
		17B3CA6E21CD759A00DFBC14 /* Search Button */ = {
			isa = PBXGroup;
			children = (
				17B3CA6F21CD75AA00DFBC14 /* SearchButton.swift */,
			);
			path = "Search Button";
			sourceTree = "<group>";
		};
		5E43F1943E2FCE4EE988A0C5 /* Pods */ = {
			isa = PBXGroup;
			children = (
				927D4F522005D7BCF7141AFD /* Pods-Elements.nl.debug.xcconfig */,
				5F644B5CB04E40994B4B4201 /* Pods-Elements.nl.release.xcconfig */,
				93BE91D0C5C451F2D448FFEE /* Pods-Elements.nlTests.debug.xcconfig */,
				4DF3A8A7C6A039901533FD5D /* Pods-Elements.nlTests.release.xcconfig */,
			);
			name = Pods;
			sourceTree = "<group>";
		};
		8468DD4721D20CD500443E32 /* Service */ = {
			isa = PBXGroup;
			children = (
				17A1D2A021D171B3008DA94D /* ServiceManager.swift */,
				17A1D2A421D17AB0008DA94D /* ServiceAPIRouter.swift */,
			);
			path = Service;
			sourceTree = "<group>";
		};
		8468DD4821D20DD500443E32 /* Object */ = {
			isa = PBXGroup;
			children = (
				8468DD4921D20DE900443E32 /* Filter */,
				8468DD4A21D20DF200443E32 /* Result */,
			);
			path = Object;
			sourceTree = "<group>";
		};
		8468DD4921D20DE900443E32 /* Filter */ = {
			isa = PBXGroup;
			children = (
				171CF67921CD0C6200E30806 /* SearchFilterInterface.swift */,
				171CF67F21CD2C5200E30806 /* SearchFilterModel.swift */,
			);
			path = Filter;
			sourceTree = "<group>";
		};
		8468DD4A21D20DF200443E32 /* Result */ = {
			isa = PBXGroup;
			children = (
				17A1D2A621D185A4008DA94D /* SearchResultBaseModel.swift */,
				17A1D29321D1650F008DA94D /* SearchResultModel.swift */,
				17A1D29521D165C7008DA94D /* SearchResultOwnerModel.swift */,
			);
			path = Result;
			sourceTree = "<group>";
		};
		8468DD5321D24FEC00443E32 /* Result Page */ = {
			isa = PBXGroup;
			children = (
				84EB468321D2591A00A69130 /* Cell */,
				17243E1921D4F727007F1C9F /* SearchResultTableDataSource.swift */,
				17243E1A21D4F727007F1C9F /* SearchResultTableView.swift */,
				17243E1821D4F727007F1C9F /* SearchResultViewController.swift */,
			);
			path = "Result Page";
			sourceTree = "<group>";
		};
		84EB468321D2591A00A69130 /* Cell */ = {
			isa = PBXGroup;
			children = (
				17243E1F21D4F72D007F1C9F /* SearchResultItemCell.swift */,
				17243E1E21D4F72D007F1C9F /* SearchResultItemCell.xib */,
			);
			path = Cell;
			sourceTree = "<group>";
		};
/* End PBXGroup section */

/* Begin PBXNativeTarget section */
		171CF64621CCFDD700E30806 /* Elements.nl */ = {
			isa = PBXNativeTarget;
			buildConfigurationList = 171CF66421CCFDDD00E30806 /* Build configuration list for PBXNativeTarget "Elements.nl" */;
			buildPhases = (
				0B5619F177FAFF4C162DF5FD /* [CP] Check Pods Manifest.lock */,
				171CF64321CCFDD700E30806 /* Sources */,
				171CF64421CCFDD700E30806 /* Frameworks */,
				171CF64521CCFDD700E30806 /* Resources */,
				B5B8FCC8A34762D861FF70A3 /* [CP] Embed Pods Frameworks */,
			);
			buildRules = (
			);
			dependencies = (
			);
			name = Elements.nl;
			productName = Elements.nl;
			productReference = 171CF64721CCFDD700E30806 /* Elements.nl.app */;
			productType = "com.apple.product-type.application";
		};
		171CF65A21CCFDDD00E30806 /* Elements.nlTests */ = {
			isa = PBXNativeTarget;
			buildConfigurationList = 171CF66721CCFDDD00E30806 /* Build configuration list for PBXNativeTarget "Elements.nlTests" */;
			buildPhases = (
				0B0574A8FAD08F891FB550D9 /* [CP] Check Pods Manifest.lock */,
				171CF65721CCFDDD00E30806 /* Sources */,
				171CF65821CCFDDD00E30806 /* Frameworks */,
				171CF65921CCFDDD00E30806 /* Resources */,
				EC1EED76AA61155D86D25A54 /* [CP] Embed Pods Frameworks */,
			);
			buildRules = (
			);
			dependencies = (
				171CF65D21CCFDDD00E30806 /* PBXTargetDependency */,
			);
			name = Elements.nlTests;
			productName = Elements.nlTests;
			productReference = 171CF65B21CCFDDD00E30806 /* Elements.nlTests.xctest */;
			productType = "com.apple.product-type.bundle.unit-test";
		};
/* End PBXNativeTarget section */

/* Begin PBXProject section */
		171CF63F21CCFDD700E30806 /* Project object */ = {
			isa = PBXProject;
			attributes = {
				LastSwiftUpdateCheck = 1010;
				LastUpgradeCheck = 1010;
				ORGANIZATIONNAME = "Hassan Shahbazi";
				TargetAttributes = {
					171CF64621CCFDD700E30806 = {
						CreatedOnToolsVersion = 10.1;
					};
					171CF65A21CCFDDD00E30806 = {
						CreatedOnToolsVersion = 10.1;
						LastSwiftMigration = 1010;
						TestTargetID = 171CF64621CCFDD700E30806;
					};
				};
			};
			buildConfigurationList = 171CF64221CCFDD700E30806 /* Build configuration list for PBXProject "Elements.nl" */;
			compatibilityVersion = "Xcode 9.3";
			developmentRegion = en;
			hasScannedForEncodings = 0;
			knownRegions = (
				en,
				Base,
			);
			mainGroup = 171CF63E21CCFDD700E30806;
			productRefGroup = 171CF64821CCFDD700E30806 /* Products */;
			projectDirPath = "";
			projectRoot = "";
			targets = (
				171CF64621CCFDD700E30806 /* Elements.nl */,
				171CF65A21CCFDDD00E30806 /* Elements.nlTests */,
			);
		};
/* End PBXProject section */

/* Begin PBXResourcesBuildPhase section */
		171CF64521CCFDD700E30806 /* Resources */ = {
			isa = PBXResourcesBuildPhase;
			buildActionMask = 2147483647;
			files = (
				17B3CA6B21CD6FAB00DFBC14 /* SearchSortCell.xib in Resources */,
				17243E2021D4F72D007F1C9F /* SearchResultItemCell.xib in Resources */,
				171CF65521CCFDDC00E30806 /* LaunchScreen.storyboard in Resources */,
				17B3CA6421CD671600DFBC14 /* SearchKeywordCell.xib in Resources */,
				171CF65221CCFDDC00E30806 /* Assets.xcassets in Resources */,
				171CF65021CCFDD700E30806 /* Main.storyboard in Resources */,
			);
			runOnlyForDeploymentPostprocessing = 0;
		};
		171CF65921CCFDDD00E30806 /* Resources */ = {
			isa = PBXResourcesBuildPhase;
			buildActionMask = 2147483647;
			files = (
				8468DD4C21D2250D00443E32 /* github_huge_search_result.json in Resources */,
				17A1D29D21D16F34008DA94D /* github_search_result.json in Resources */,
			);
			runOnlyForDeploymentPostprocessing = 0;
		};
/* End PBXResourcesBuildPhase section */

/* Begin PBXShellScriptBuildPhase section */
		0B0574A8FAD08F891FB550D9 /* [CP] Check Pods Manifest.lock */ = {
			isa = PBXShellScriptBuildPhase;
			buildActionMask = 2147483647;
			files = (
			);
			inputPaths = (
				"${PODS_PODFILE_DIR_PATH}/Podfile.lock",
				"${PODS_ROOT}/Manifest.lock",
			);
			name = "[CP] Check Pods Manifest.lock";
			outputPaths = (
				"$(DERIVED_FILE_DIR)/Pods-Elements.nlTests-checkManifestLockResult.txt",
			);
			runOnlyForDeploymentPostprocessing = 0;
			shellPath = /bin/sh;
			shellScript = "diff \"${PODS_PODFILE_DIR_PATH}/Podfile.lock\" \"${PODS_ROOT}/Manifest.lock\" > /dev/null\nif [ $? != 0 ] ; then\n    # print error to STDERR\n    echo \"error: The sandbox is not in sync with the Podfile.lock. Run 'pod install' or update your CocoaPods installation.\" >&2\n    exit 1\nfi\n# This output is used by Xcode 'outputs' to avoid re-running this script phase.\necho \"SUCCESS\" > \"${SCRIPT_OUTPUT_FILE_0}\"\n";
			showEnvVarsInLog = 0;
		};
		0B5619F177FAFF4C162DF5FD /* [CP] Check Pods Manifest.lock */ = {
			isa = PBXShellScriptBuildPhase;
			buildActionMask = 2147483647;
			files = (
			);
			inputPaths = (
				"${PODS_PODFILE_DIR_PATH}/Podfile.lock",
				"${PODS_ROOT}/Manifest.lock",
			);
			name = "[CP] Check Pods Manifest.lock";
			outputPaths = (
				"$(DERIVED_FILE_DIR)/Pods-Elements.nl-checkManifestLockResult.txt",
			);
			runOnlyForDeploymentPostprocessing = 0;
			shellPath = /bin/sh;
			shellScript = "diff \"${PODS_PODFILE_DIR_PATH}/Podfile.lock\" \"${PODS_ROOT}/Manifest.lock\" > /dev/null\nif [ $? != 0 ] ; then\n    # print error to STDERR\n    echo \"error: The sandbox is not in sync with the Podfile.lock. Run 'pod install' or update your CocoaPods installation.\" >&2\n    exit 1\nfi\n# This output is used by Xcode 'outputs' to avoid re-running this script phase.\necho \"SUCCESS\" > \"${SCRIPT_OUTPUT_FILE_0}\"\n";
			showEnvVarsInLog = 0;
		};
		B5B8FCC8A34762D861FF70A3 /* [CP] Embed Pods Frameworks */ = {
			isa = PBXShellScriptBuildPhase;
			buildActionMask = 2147483647;
			files = (
			);
			inputPaths = (
				"${SRCROOT}/Pods/Target Support Files/Pods-Elements.nl/Pods-Elements.nl-frameworks.sh",
				"${BUILT_PRODUCTS_DIR}/Alamofire/Alamofire.framework",
				"${BUILT_PRODUCTS_DIR}/ObjectMapper/ObjectMapper.framework",
				"${BUILT_PRODUCTS_DIR}/PKHUD/PKHUD.framework",
				"${BUILT_PRODUCTS_DIR}/PullToRefreshKit/PullToRefreshKit.framework",
				"${BUILT_PRODUCTS_DIR}/SDWebImage/SDWebImage.framework",
			);
			name = "[CP] Embed Pods Frameworks";
			outputPaths = (
				"${TARGET_BUILD_DIR}/${FRAMEWORKS_FOLDER_PATH}/Alamofire.framework",
				"${TARGET_BUILD_DIR}/${FRAMEWORKS_FOLDER_PATH}/ObjectMapper.framework",
				"${TARGET_BUILD_DIR}/${FRAMEWORKS_FOLDER_PATH}/PKHUD.framework",
				"${TARGET_BUILD_DIR}/${FRAMEWORKS_FOLDER_PATH}/PullToRefreshKit.framework",
				"${TARGET_BUILD_DIR}/${FRAMEWORKS_FOLDER_PATH}/SDWebImage.framework",
			);
			runOnlyForDeploymentPostprocessing = 0;
			shellPath = /bin/sh;
			shellScript = "\"${SRCROOT}/Pods/Target Support Files/Pods-Elements.nl/Pods-Elements.nl-frameworks.sh\"\n";
			showEnvVarsInLog = 0;
		};
		EC1EED76AA61155D86D25A54 /* [CP] Embed Pods Frameworks */ = {
			isa = PBXShellScriptBuildPhase;
			buildActionMask = 2147483647;
			files = (
			);
			inputPaths = (
				"${SRCROOT}/Pods/Target Support Files/Pods-Elements.nlTests/Pods-Elements.nlTests-frameworks.sh",
				"${BUILT_PRODUCTS_DIR}/OHHTTPStubs/OHHTTPStubs.framework",
			);
			name = "[CP] Embed Pods Frameworks";
			outputPaths = (
				"${TARGET_BUILD_DIR}/${FRAMEWORKS_FOLDER_PATH}/OHHTTPStubs.framework",
			);
			runOnlyForDeploymentPostprocessing = 0;
			shellPath = /bin/sh;
			shellScript = "\"${SRCROOT}/Pods/Target Support Files/Pods-Elements.nlTests/Pods-Elements.nlTests-frameworks.sh\"\n";
			showEnvVarsInLog = 0;
		};
/* End PBXShellScriptBuildPhase section */

/* Begin PBXSourcesBuildPhase section */
		171CF64321CCFDD700E30806 /* Sources */ = {
			isa = PBXSourcesBuildPhase;
			buildActionMask = 2147483647;
			files = (
				171CF68221CD53EB00E30806 /* BaseViewController.swift in Sources */,
				17B3CA5D21CD5C0D00DFBC14 /* SearchFilterTableDataSource.swift in Sources */,
				17B3CA6621CD67D900DFBC14 /* SearchKeywordCell.swift in Sources */,
				171CF67821CD0BBF00E30806 /* SearchFilterViewModel.swift in Sources */,
				17A1D29021D15D59008DA94D /* Theme.swift in Sources */,
				171CF64B21CCFDD700E30806 /* AppDelegate.swift in Sources */,
				17A1D29621D165C7008DA94D /* SearchResultOwnerModel.swift in Sources */,
				17A1D29821D16E16008DA94D /* SearchResultViewModel.swift in Sources */,
				17B3CA6821CD687400DFBC14 /* SearchFilterTableView.swift in Sources */,
				171CF67A21CD0C6200E30806 /* SearchFilterInterface.swift in Sources */,
				171CF68421CD566700E30806 /* SearchFilterViewController.swift in Sources */,
				17B3CA6D21CD703600DFBC14 /* SearchSortCell.swift in Sources */,
				17243E2121D4F72D007F1C9F /* SearchResultItemCell.swift in Sources */,
				17A1D29421D1650F008DA94D /* SearchResultModel.swift in Sources */,
				17A1D2A121D171B4008DA94D /* ServiceManager.swift in Sources */,
				17B3CA5B21CD5A0200DFBC14 /* BaseTableView.swift in Sources */,
				17243E1521D4B3EC007F1C9F /* Shape.swift in Sources */,
				17243E1C21D4F727007F1C9F /* SearchResultTableDataSource.swift in Sources */,
				17A1D2A321D177A2008DA94D /* SearchResultRouter.swift in Sources */,
				17243E1D21D4F727007F1C9F /* SearchResultTableView.swift in Sources */,
				17243E1721D4C25D007F1C9F /* TableConfig.swift in Sources */,
				171CF68021CD2C5200E30806 /* SearchFilterModel.swift in Sources */,
				17243E1321D4B17F007F1C9F /* Loading.swift in Sources */,
				17B3CA7021CD75AA00DFBC14 /* SearchButton.swift in Sources */,
				17A1D2A521D17AB0008DA94D /* ServiceAPIRouter.swift in Sources */,
				17243E1B21D4F727007F1C9F /* SearchResultViewController.swift in Sources */,
				17A1D2A721D185A4008DA94D /* SearchResultBaseModel.swift in Sources */,
			);
			runOnlyForDeploymentPostprocessing = 0;
		};
		171CF65721CCFDDD00E30806 /* Sources */ = {
			isa = PBXSourcesBuildPhase;
			buildActionMask = 2147483647;
			files = (
				171CF67421CD0A0F00E30806 /* FilterViewModelTests.swift in Sources */,
				17A1D29A21D16E32008DA94D /* ResultViewModelTests.swift in Sources */,
				17A1D29221D15D75008DA94D /* ThemeTests.swift in Sources */,
			);
			runOnlyForDeploymentPostprocessing = 0;
		};
/* End PBXSourcesBuildPhase section */

/* Begin PBXTargetDependency section */
		171CF65D21CCFDDD00E30806 /* PBXTargetDependency */ = {
			isa = PBXTargetDependency;
			target = 171CF64621CCFDD700E30806 /* Elements.nl */;
			targetProxy = 171CF65C21CCFDDD00E30806 /* PBXContainerItemProxy */;
		};
/* End PBXTargetDependency section */

/* Begin PBXVariantGroup section */
		171CF64E21CCFDD700E30806 /* Main.storyboard */ = {
			isa = PBXVariantGroup;
			children = (
				171CF64F21CCFDD700E30806 /* Base */,
			);
			name = Main.storyboard;
			sourceTree = "<group>";
		};
		171CF65321CCFDDC00E30806 /* LaunchScreen.storyboard */ = {
			isa = PBXVariantGroup;
			children = (
				171CF65421CCFDDC00E30806 /* Base */,
			);
			name = LaunchScreen.storyboard;
			sourceTree = "<group>";
		};
/* End PBXVariantGroup section */

/* Begin XCBuildConfiguration section */
		171CF66221CCFDDD00E30806 /* Debug */ = {
			isa = XCBuildConfiguration;
			buildSettings = {
				ALWAYS_SEARCH_USER_PATHS = NO;
				CLANG_ANALYZER_NONNULL = YES;
				CLANG_ANALYZER_NUMBER_OBJECT_CONVERSION = YES_AGGRESSIVE;
				CLANG_CXX_LANGUAGE_STANDARD = "gnu++14";
				CLANG_CXX_LIBRARY = "libc++";
				CLANG_ENABLE_MODULES = YES;
				CLANG_ENABLE_OBJC_ARC = YES;
				CLANG_ENABLE_OBJC_WEAK = YES;
				CLANG_WARN_BLOCK_CAPTURE_AUTORELEASING = YES;
				CLANG_WARN_BOOL_CONVERSION = YES;
				CLANG_WARN_COMMA = YES;
				CLANG_WARN_CONSTANT_CONVERSION = YES;
				CLANG_WARN_DEPRECATED_OBJC_IMPLEMENTATIONS = YES;
				CLANG_WARN_DIRECT_OBJC_ISA_USAGE = YES_ERROR;
				CLANG_WARN_DOCUMENTATION_COMMENTS = YES;
				CLANG_WARN_EMPTY_BODY = YES;
				CLANG_WARN_ENUM_CONVERSION = YES;
				CLANG_WARN_INFINITE_RECURSION = YES;
				CLANG_WARN_INT_CONVERSION = YES;
				CLANG_WARN_NON_LITERAL_NULL_CONVERSION = YES;
				CLANG_WARN_OBJC_IMPLICIT_RETAIN_SELF = YES;
				CLANG_WARN_OBJC_LITERAL_CONVERSION = YES;
				CLANG_WARN_OBJC_ROOT_CLASS = YES_ERROR;
				CLANG_WARN_RANGE_LOOP_ANALYSIS = YES;
				CLANG_WARN_STRICT_PROTOTYPES = YES;
				CLANG_WARN_SUSPICIOUS_MOVE = YES;
				CLANG_WARN_UNGUARDED_AVAILABILITY = YES_AGGRESSIVE;
				CLANG_WARN_UNREACHABLE_CODE = YES;
				CLANG_WARN__DUPLICATE_METHOD_MATCH = YES;
				CODE_SIGN_IDENTITY = "iPhone Developer";
				COPY_PHASE_STRIP = NO;
				DEBUG_INFORMATION_FORMAT = dwarf;
				ENABLE_STRICT_OBJC_MSGSEND = YES;
				ENABLE_TESTABILITY = YES;
				GCC_C_LANGUAGE_STANDARD = gnu11;
				GCC_DYNAMIC_NO_PIC = NO;
				GCC_NO_COMMON_BLOCKS = YES;
				GCC_OPTIMIZATION_LEVEL = 0;
				GCC_PREPROCESSOR_DEFINITIONS = (
					"DEBUG=1",
					"$(inherited)",
				);
				GCC_WARN_64_TO_32_BIT_CONVERSION = YES;
				GCC_WARN_ABOUT_RETURN_TYPE = YES_ERROR;
				GCC_WARN_UNDECLARED_SELECTOR = YES;
				GCC_WARN_UNINITIALIZED_AUTOS = YES_AGGRESSIVE;
				GCC_WARN_UNUSED_FUNCTION = YES;
				GCC_WARN_UNUSED_VARIABLE = YES;
				IPHONEOS_DEPLOYMENT_TARGET = 12.1;
				MTL_ENABLE_DEBUG_INFO = INCLUDE_SOURCE;
				MTL_FAST_MATH = YES;
				ONLY_ACTIVE_ARCH = YES;
				SDKROOT = iphoneos;
				SWIFT_ACTIVE_COMPILATION_CONDITIONS = DEBUG;
				SWIFT_OPTIMIZATION_LEVEL = "-Onone";
			};
			name = Debug;
		};
		171CF66321CCFDDD00E30806 /* Release */ = {
			isa = XCBuildConfiguration;
			buildSettings = {
				ALWAYS_SEARCH_USER_PATHS = NO;
				CLANG_ANALYZER_NONNULL = YES;
				CLANG_ANALYZER_NUMBER_OBJECT_CONVERSION = YES_AGGRESSIVE;
				CLANG_CXX_LANGUAGE_STANDARD = "gnu++14";
				CLANG_CXX_LIBRARY = "libc++";
				CLANG_ENABLE_MODULES = YES;
				CLANG_ENABLE_OBJC_ARC = YES;
				CLANG_ENABLE_OBJC_WEAK = YES;
				CLANG_WARN_BLOCK_CAPTURE_AUTORELEASING = YES;
				CLANG_WARN_BOOL_CONVERSION = YES;
				CLANG_WARN_COMMA = YES;
				CLANG_WARN_CONSTANT_CONVERSION = YES;
				CLANG_WARN_DEPRECATED_OBJC_IMPLEMENTATIONS = YES;
				CLANG_WARN_DIRECT_OBJC_ISA_USAGE = YES_ERROR;
				CLANG_WARN_DOCUMENTATION_COMMENTS = YES;
				CLANG_WARN_EMPTY_BODY = YES;
				CLANG_WARN_ENUM_CONVERSION = YES;
				CLANG_WARN_INFINITE_RECURSION = YES;
				CLANG_WARN_INT_CONVERSION = YES;
				CLANG_WARN_NON_LITERAL_NULL_CONVERSION = YES;
				CLANG_WARN_OBJC_IMPLICIT_RETAIN_SELF = YES;
				CLANG_WARN_OBJC_LITERAL_CONVERSION = YES;
				CLANG_WARN_OBJC_ROOT_CLASS = YES_ERROR;
				CLANG_WARN_RANGE_LOOP_ANALYSIS = YES;
				CLANG_WARN_STRICT_PROTOTYPES = YES;
				CLANG_WARN_SUSPICIOUS_MOVE = YES;
				CLANG_WARN_UNGUARDED_AVAILABILITY = YES_AGGRESSIVE;
				CLANG_WARN_UNREACHABLE_CODE = YES;
				CLANG_WARN__DUPLICATE_METHOD_MATCH = YES;
				CODE_SIGN_IDENTITY = "iPhone Developer";
				COPY_PHASE_STRIP = NO;
				DEBUG_INFORMATION_FORMAT = "dwarf-with-dsym";
				ENABLE_NS_ASSERTIONS = NO;
				ENABLE_STRICT_OBJC_MSGSEND = YES;
				GCC_C_LANGUAGE_STANDARD = gnu11;
				GCC_NO_COMMON_BLOCKS = YES;
				GCC_WARN_64_TO_32_BIT_CONVERSION = YES;
				GCC_WARN_ABOUT_RETURN_TYPE = YES_ERROR;
				GCC_WARN_UNDECLARED_SELECTOR = YES;
				GCC_WARN_UNINITIALIZED_AUTOS = YES_AGGRESSIVE;
				GCC_WARN_UNUSED_FUNCTION = YES;
				GCC_WARN_UNUSED_VARIABLE = YES;
				IPHONEOS_DEPLOYMENT_TARGET = 12.1;
				MTL_ENABLE_DEBUG_INFO = NO;
				MTL_FAST_MATH = YES;
				SDKROOT = iphoneos;
				SWIFT_COMPILATION_MODE = wholemodule;
				SWIFT_OPTIMIZATION_LEVEL = "-O";
				VALIDATE_PRODUCT = YES;
			};
			name = Release;
		};
		171CF66521CCFDDD00E30806 /* Debug */ = {
			isa = XCBuildConfiguration;
			baseConfigurationReference = 927D4F522005D7BCF7141AFD /* Pods-Elements.nl.debug.xcconfig */;
			buildSettings = {
				ASSETCATALOG_COMPILER_APPICON_NAME = AppIcon;
				CODE_SIGN_STYLE = Automatic;
				DEVELOPMENT_TEAM = 92TDT63R6P;
				INFOPLIST_FILE = "$(SRCROOT)/Elements.nl/Resources/Info.plist";
				IPHONEOS_DEPLOYMENT_TARGET = 9.0;
				LD_RUNPATH_SEARCH_PATHS = (
					"$(inherited)",
					"@executable_path/Frameworks",
				);
				PRODUCT_BUNDLE_IDENTIFIER = "com.elements.Elements-nl";
				PRODUCT_NAME = "$(TARGET_NAME)";
				SWIFT_VERSION = 4.2;
				TARGETED_DEVICE_FAMILY = 1;
			};
			name = Debug;
		};
		171CF66621CCFDDD00E30806 /* Release */ = {
			isa = XCBuildConfiguration;
			baseConfigurationReference = 5F644B5CB04E40994B4B4201 /* Pods-Elements.nl.release.xcconfig */;
			buildSettings = {
				ASSETCATALOG_COMPILER_APPICON_NAME = AppIcon;
				CODE_SIGN_STYLE = Automatic;
				DEVELOPMENT_TEAM = 92TDT63R6P;
				INFOPLIST_FILE = "$(SRCROOT)/Elements.nl/Resources/Info.plist";
				IPHONEOS_DEPLOYMENT_TARGET = 9.0;
				LD_RUNPATH_SEARCH_PATHS = (
					"$(inherited)",
					"@executable_path/Frameworks",
				);
				PRODUCT_BUNDLE_IDENTIFIER = "com.elements.Elements-nl";
				PRODUCT_NAME = "$(TARGET_NAME)";
				SWIFT_VERSION = 4.2;
				TARGETED_DEVICE_FAMILY = 1;
			};
			name = Release;
		};
		171CF66821CCFDDD00E30806 /* Debug */ = {
			isa = XCBuildConfiguration;
			baseConfigurationReference = 93BE91D0C5C451F2D448FFEE /* Pods-Elements.nlTests.debug.xcconfig */;
			buildSettings = {
				ALWAYS_EMBED_SWIFT_STANDARD_LIBRARIES = "$(inherited)";
				BUNDLE_LOADER = "$(TEST_HOST)";
				CLANG_ENABLE_MODULES = YES;
				CODE_SIGN_STYLE = Automatic;
				DEVELOPMENT_TEAM = 92TDT63R6P;
				INFOPLIST_FILE = Elements.nlTests/Info.plist;
				LD_RUNPATH_SEARCH_PATHS = (
					"$(inherited)",
					"@executable_path/Frameworks",
					"@loader_path/Frameworks",
				);
				PRODUCT_BUNDLE_IDENTIFIER = "com.elements.Elements-nlTests";
				PRODUCT_NAME = "$(TARGET_NAME)";
				SWIFT_OPTIMIZATION_LEVEL = "-Onone";
				SWIFT_VERSION = 4.2;
				TARGETED_DEVICE_FAMILY = "1,2";
				TEST_HOST = "$(BUILT_PRODUCTS_DIR)/Elements.nl.app/Elements.nl";
			};
			name = Debug;
		};
		171CF66921CCFDDD00E30806 /* Release */ = {
			isa = XCBuildConfiguration;
			baseConfigurationReference = 4DF3A8A7C6A039901533FD5D /* Pods-Elements.nlTests.release.xcconfig */;
			buildSettings = {
				ALWAYS_EMBED_SWIFT_STANDARD_LIBRARIES = "$(inherited)";
				BUNDLE_LOADER = "$(TEST_HOST)";
				CLANG_ENABLE_MODULES = YES;
				CODE_SIGN_STYLE = Automatic;
				DEVELOPMENT_TEAM = 92TDT63R6P;
				INFOPLIST_FILE = Elements.nlTests/Info.plist;
				LD_RUNPATH_SEARCH_PATHS = (
					"$(inherited)",
					"@executable_path/Frameworks",
					"@loader_path/Frameworks",
				);
				PRODUCT_BUNDLE_IDENTIFIER = "com.elements.Elements-nlTests";
				PRODUCT_NAME = "$(TARGET_NAME)";
				SWIFT_VERSION = 4.2;
				TARGETED_DEVICE_FAMILY = "1,2";
				TEST_HOST = "$(BUILT_PRODUCTS_DIR)/Elements.nl.app/Elements.nl";
			};
			name = Release;
		};
/* End XCBuildConfiguration section */

/* Begin XCConfigurationList section */
		171CF64221CCFDD700E30806 /* Build configuration list for PBXProject "Elements.nl" */ = {
			isa = XCConfigurationList;
			buildConfigurations = (
				171CF66221CCFDDD00E30806 /* Debug */,
				171CF66321CCFDDD00E30806 /* Release */,
			);
			defaultConfigurationIsVisible = 0;
			defaultConfigurationName = Release;
		};
		171CF66421CCFDDD00E30806 /* Build configuration list for PBXNativeTarget "Elements.nl" */ = {
			isa = XCConfigurationList;
			buildConfigurations = (
				171CF66521CCFDDD00E30806 /* Debug */,
				171CF66621CCFDDD00E30806 /* Release */,
			);
			defaultConfigurationIsVisible = 0;
			defaultConfigurationName = Release;
		};
		171CF66721CCFDDD00E30806 /* Build configuration list for PBXNativeTarget "Elements.nlTests" */ = {
			isa = XCConfigurationList;
			buildConfigurations = (
				171CF66821CCFDDD00E30806 /* Debug */,
				171CF66921CCFDDD00E30806 /* Release */,
			);
			defaultConfigurationIsVisible = 0;
			defaultConfigurationName = Release;
		};
/* End XCConfigurationList section */
	};
	rootObject = 171CF63F21CCFDD700E30806 /* Project object */;
}
